
Microsoft Visual Studio Solution File, Format Version 12.00
# Visual Studio 14
VisualStudioVersion = 14.0.25123.0
MinimumVisualStudioVersion = 10.0.40219.1
Project("{FAE04EC0-301F-11D3-BF4B-00C04F79EFBC}") = "KL7A", "KL7A\KL7A.csproj", "{14EDB586-83B2-4B5F-B175-1062E7195D5E}"
EndProject
Project("{FAE04EC0-301F-11D3-BF4B-00C04F79EFBC}") = "Tests", "Tests\Tests.csproj", "{B72945DF-E756-4F29-9771-A649D3B2F913}"
EndProject
Global
	GlobalSection(SolutionConfigurationPlatforms) = preSolution
		Debug|Any CPU = Debug|Any CPU
		Release|Any CPU = Release|Any CPU
	EndGlobalSection
	GlobalSection(ProjectConfigurationPlatforms) = postSolution
		{14EDB586-83B2-4B5F-B175-1062E7195D5E}.Debug|Any CPU.ActiveCfg = Debug|Any CPU
		{14EDB586-83B2-4B5F-B175-1062E7195D5E}.Debug|Any CPU.Build.0 = Debug|Any CPU
		{14EDB586-83B2-4B5F-B175-1062E7195D5E}.Release|Any CPU.ActiveCfg = Release|Any CPU
		{14EDB586-83B2-4B5F-B175-1062E7195D5E}.Release|Any CPU.Build.0 = Release|Any CPU
		{B72945DF-E756-4F29-9771-A649D3B2F913}.Debug|Any CPU.ActiveCfg = Debug|Any CPU
		{B72945DF-E756-4F29-9771-A649D3B2F913}.Debug|Any CPU.Build.0 = Debug|Any CPU
		{B72945DF-E756-4F29-9771-A649D3B2F913}.Release|Any CPU.ActiveCfg = Release|Any CPU
		{B72945DF-E756-4F29-9771-A649D3B2F913}.Release|Any CPU.Build.0 = Release|Any CPU
	EndGlobalSection
	GlobalSection(SolutionProperties) = preSolution
		HideSolutionNode = FALSE
	EndGlobalSection
EndGlobal
